// !$*UTF8*$!
{
	archiveVersion = 1;
	classes = {
	};
	objectVersion = 50;
	objects = {

/* Begin PBXBuildFile section */
		B709990F2264B7EC007166A7 /* IMG_0678.PNG in Resources */ = {isa = PBXBuildFile; fileRef = B709990E2264B7EC007166A7 /* IMG_0678.PNG */; };
		B729411C225B25CF004B5255 /* AppDelegate.swift in Sources */ = {isa = PBXBuildFile; fileRef = B729411B225B25CF004B5255 /* AppDelegate.swift */; };
		B729411E225B25CF004B5255 /* ExperiencesTableViewController.swift in Sources */ = {isa = PBXBuildFile; fileRef = B729411D225B25CF004B5255 /* ExperiencesTableViewController.swift */; };
		B7294121225B25CF004B5255 /* Main.storyboard in Resources */ = {isa = PBXBuildFile; fileRef = B729411F225B25CF004B5255 /* Main.storyboard */; };
		B7294123225B25D0004B5255 /* Assets.xcassets in Resources */ = {isa = PBXBuildFile; fileRef = B7294122225B25D0004B5255 /* Assets.xcassets */; };
		B7294126225B25D0004B5255 /* LaunchScreen.storyboard in Resources */ = {isa = PBXBuildFile; fileRef = B7294124225B25D0004B5255 /* LaunchScreen.storyboard */; };
		B74F1012225FA69100B5BC47 /* WA3DLib.framework in Frameworks */ = {isa = PBXBuildFile; fileRef = B7AC2DE7225E22C60091CF28 /* WA3DLib.framework */; };
		B767330622647351001D7B8A /* arproj_bridging_header.h in Headers */ = {isa = PBXBuildFile; fileRef = B767330522647351001D7B8A /* arproj_bridging_header.h */; };
		B767330D226495AA001D7B8A /* FakeCNNViewContoller.swift in Sources */ = {isa = PBXBuildFile; fileRef = B767330B2264953C001D7B8A /* FakeCNNViewContoller.swift */; };
		B7AC2DE6225E22430091CF28 /* GaneFramework.framework in Embed Frameworks */ = {isa = PBXBuildFile; fileRef = B7294134225B2647004B5255 /* GaneFramework.framework */; settings = {ATTRIBUTES = (CodeSignOnCopy, RemoveHeadersOnCopy, ); }; };
		B7AC2DEA225E230F0091CF28 /* WA3DLib.framework in Embed Frameworks */ = {isa = PBXBuildFile; fileRef = B7AC2DE7225E22C60091CF28 /* WA3DLib.framework */; settings = {ATTRIBUTES = (CodeSignOnCopy, RemoveHeadersOnCopy, ); }; };
/* End PBXBuildFile section */

/* Begin PBXCopyFilesBuildPhase section */
		B713118C225B787800BAB8FB /* Embed Frameworks */ = {
			isa = PBXCopyFilesBuildPhase;
			buildActionMask = 2147483647;
			dstPath = "";
			dstSubfolderSpec = 10;
			files = (
				B7AC2DE6225E22430091CF28 /* GaneFramework.framework in Embed Frameworks */,
				B7AC2DEA225E230F0091CF28 /* WA3DLib.framework in Embed Frameworks */,
			);
			name = "Embed Frameworks";
			runOnlyForDeploymentPostprocessing = 0;
		};
/* End PBXCopyFilesBuildPhase section */

/* Begin PBXFileReference section */
		B709990E2264B7EC007166A7 /* IMG_0678.PNG */ = {isa = PBXFileReference; lastKnownFileType = image.png; path = IMG_0678.PNG; sourceTree = "<group>"; };
		B7294118225B25CF004B5255 /* GaneExample.app */ = {isa = PBXFileReference; explicitFileType = wrapper.application; includeInIndex = 0; path = GaneExample.app; sourceTree = BUILT_PRODUCTS_DIR; };
		B729411B225B25CF004B5255 /* AppDelegate.swift */ = {isa = PBXFileReference; lastKnownFileType = sourcecode.swift; path = AppDelegate.swift; sourceTree = "<group>"; };
		B729411D225B25CF004B5255 /* ExperiencesTableViewController.swift */ = {isa = PBXFileReference; lastKnownFileType = sourcecode.swift; path = ExperiencesTableViewController.swift; sourceTree = "<group>"; };
		B7294120225B25CF004B5255 /* Base */ = {isa = PBXFileReference; lastKnownFileType = file.storyboard; name = Base; path = Base.lproj/Main.storyboard; sourceTree = "<group>"; };
		B7294122225B25D0004B5255 /* Assets.xcassets */ = {isa = PBXFileReference; lastKnownFileType = folder.assetcatalog; path = Assets.xcassets; sourceTree = "<group>"; };
		B7294125225B25D0004B5255 /* Base */ = {isa = PBXFileReference; lastKnownFileType = file.storyboard; name = Base; path = Base.lproj/LaunchScreen.storyboard; sourceTree = "<group>"; };
		B7294127225B25D0004B5255 /* Info.plist */ = {isa = PBXFileReference; lastKnownFileType = text.plist.xml; path = Info.plist; sourceTree = "<group>"; };
		B7294134225B2647004B5255 /* GaneFramework.framework */ = {isa = PBXFileReference; explicitFileType = wrapper.framework; path = GaneFramework.framework; sourceTree = BUILT_PRODUCTS_DIR; };
		B767330522647351001D7B8A /* arproj_bridging_header.h */ = {isa = PBXFileReference; fileEncoding = 4; lastKnownFileType = sourcecode.c.h; path = arproj_bridging_header.h; sourceTree = "<group>"; };
		B767330B2264953C001D7B8A /* FakeCNNViewContoller.swift */ = {isa = PBXFileReference; explicitFileType = sourcecode.swift; fileEncoding = 4; path = FakeCNNViewContoller.swift; sourceTree = SOURCE_ROOT; };
		B7AC2DE7225E22C60091CF28 /* WA3DLib.framework */ = {isa = PBXFileReference; lastKnownFileType = wrapper.framework; path = WA3DLib.framework; sourceTree = "<group>"; };
/* End PBXFileReference section */

/* Begin PBXFrameworksBuildPhase section */
		B7294115225B25CF004B5255 /* Frameworks */ = {
			isa = PBXFrameworksBuildPhase;
			buildActionMask = 2147483647;
			files = (
				B74F1012225FA69100B5BC47 /* WA3DLib.framework in Frameworks */,
			);
			runOnlyForDeploymentPostprocessing = 0;
		};
/* End PBXFrameworksBuildPhase section */

/* Begin PBXGroup section */
		B729410F225B25CF004B5255 = {
			isa = PBXGroup;
			children = (
				B767330B2264953C001D7B8A /* FakeCNNViewContoller.swift */,
				B729411D225B25CF004B5255 /* ExperiencesTableViewController.swift */,
				B729411A225B25CF004B5255 /* EnexApp */,
				B7294119225B25CF004B5255 /* Products */,
				B7294133225B2647004B5255 /* Frameworks */,
			);
			sourceTree = "<group>";
		};
		B7294119225B25CF004B5255 /* Products */ = {
			isa = PBXGroup;
			children = (
				B7294118225B25CF004B5255 /* GaneExample.app */,
			);
			name = Products;
			sourceTree = "<group>";
		};
		B729411A225B25CF004B5255 /* EnexApp */ = {
			isa = PBXGroup;
			children = (
				B709990E2264B7EC007166A7 /* IMG_0678.PNG */,
				B729411B225B25CF004B5255 /* AppDelegate.swift */,
				B729411F225B25CF004B5255 /* Main.storyboard */,
				B7294122225B25D0004B5255 /* Assets.xcassets */,
				B7294124225B25D0004B5255 /* LaunchScreen.storyboard */,
				B7294127225B25D0004B5255 /* Info.plist */,
			);
			path = EnexApp;
			sourceTree = "<group>";
		};
		B7294133225B2647004B5255 /* Frameworks */ = {
			isa = PBXGroup;
			children = (
				B767330522647351001D7B8A /* arproj_bridging_header.h */,
				B7AC2DE7225E22C60091CF28 /* WA3DLib.framework */,
				B7294134225B2647004B5255 /* GaneFramework.framework */,
			);
			name = Frameworks;
			sourceTree = "<group>";
		};
/* End PBXGroup section */

/* Begin PBXHeadersBuildPhase section */
		B7131186225B75BC00BAB8FB /* Headers */ = {
			isa = PBXHeadersBuildPhase;
			buildActionMask = 2147483647;
			files = (
				B767330622647351001D7B8A /* arproj_bridging_header.h in Headers */,
			);
			runOnlyForDeploymentPostprocessing = 0;
		};
/* End PBXHeadersBuildPhase section */

/* Begin PBXNativeTarget section */
		B7294117225B25CF004B5255 /* GaneExample */ = {
			isa = PBXNativeTarget;
			buildConfigurationList = B729412A225B25D0004B5255 /* Build configuration list for PBXNativeTarget "GaneExample" */;
			buildPhases = (
				B7131186225B75BC00BAB8FB /* Headers */,
				B7294114225B25CF004B5255 /* Sources */,
				B7294115225B25CF004B5255 /* Frameworks */,
				B7294116225B25CF004B5255 /* Resources */,
				B713118C225B787800BAB8FB /* Embed Frameworks */,
			);
			buildRules = (
			);
			dependencies = (
			);
			name = GaneExample;
			productName = EnexApp;
			productReference = B7294118225B25CF004B5255 /* GaneExample.app */;
			productType = "com.apple.product-type.application";
		};
/* End PBXNativeTarget section */

/* Begin PBXProject section */
		B7294110225B25CF004B5255 /* Project object */ = {
			isa = PBXProject;
			attributes = {
				LastSwiftUpdateCheck = 1010;
				LastUpgradeCheck = 1010;
				ORGANIZATIONNAME = Inception;
				TargetAttributes = {
					B7294117225B25CF004B5255 = {
						CreatedOnToolsVersion = 10.1;
					};
				};
			};
			buildConfigurationList = B7294113225B25CF004B5255 /* Build configuration list for PBXProject "GaneExample" */;
			compatibilityVersion = "Xcode 9.3";
			developmentRegion = en;
			hasScannedForEncodings = 0;
			knownRegions = (
				en,
				Base,
			);
			mainGroup = B729410F225B25CF004B5255;
			productRefGroup = B7294119225B25CF004B5255 /* Products */;
			projectDirPath = "";
			projectRoot = "";
			targets = (
				B7294117225B25CF004B5255 /* GaneExample */,
			);
		};
/* End PBXProject section */

/* Begin PBXResourcesBuildPhase section */
		B7294116225B25CF004B5255 /* Resources */ = {
			isa = PBXResourcesBuildPhase;
			buildActionMask = 2147483647;
			files = (
				B7294126225B25D0004B5255 /* LaunchScreen.storyboard in Resources */,
				B7294123225B25D0004B5255 /* Assets.xcassets in Resources */,
				B709990F2264B7EC007166A7 /* IMG_0678.PNG in Resources */,
				B7294121225B25CF004B5255 /* Main.storyboard in Resources */,
			);
			runOnlyForDeploymentPostprocessing = 0;
		};
/* End PBXResourcesBuildPhase section */

/* Begin PBXSourcesBuildPhase section */
		B7294114225B25CF004B5255 /* Sources */ = {
			isa = PBXSourcesBuildPhase;
			buildActionMask = 2147483647;
			files = (
				B729411E225B25CF004B5255 /* ExperiencesTableViewController.swift in Sources */,
				B729411C225B25CF004B5255 /* AppDelegate.swift in Sources */,
				B767330D226495AA001D7B8A /* FakeCNNViewContoller.swift in Sources */,
			);
			runOnlyForDeploymentPostprocessing = 0;
		};
/* End PBXSourcesBuildPhase section */

/* Begin PBXVariantGroup section */
		B729411F225B25CF004B5255 /* Main.storyboard */ = {
			isa = PBXVariantGroup;
			children = (
				B7294120225B25CF004B5255 /* Base */,
			);
			name = Main.storyboard;
			sourceTree = "<group>";
		};
		B7294124225B25D0004B5255 /* LaunchScreen.storyboard */ = {
			isa = PBXVariantGroup;
			children = (
				B7294125225B25D0004B5255 /* Base */,
			);
			name = LaunchScreen.storyboard;
			sourceTree = "<group>";
		};
/* End PBXVariantGroup section */

/* Begin XCBuildConfiguration section */
		B7294128225B25D0004B5255 /* Debug */ = {
			isa = XCBuildConfiguration;
			buildSettings = {
				ALWAYS_SEARCH_USER_PATHS = NO;
				CLANG_ANALYZER_NONNULL = YES;
				CLANG_ANALYZER_NUMBER_OBJECT_CONVERSION = YES_AGGRESSIVE;
				CLANG_CXX_LANGUAGE_STANDARD = "gnu++14";
				CLANG_CXX_LIBRARY = "libc++";
				CLANG_ENABLE_MODULES = YES;
				CLANG_ENABLE_OBJC_ARC = YES;
				CLANG_ENABLE_OBJC_WEAK = YES;
				CLANG_WARN_BLOCK_CAPTURE_AUTORELEASING = YES;
				CLANG_WARN_BOOL_CONVERSION = YES;
				CLANG_WARN_COMMA = YES;
				CLANG_WARN_CONSTANT_CONVERSION = YES;
				CLANG_WARN_DEPRECATED_OBJC_IMPLEMENTATIONS = YES;
				CLANG_WARN_DIRECT_OBJC_ISA_USAGE = YES_ERROR;
				CLANG_WARN_DOCUMENTATION_COMMENTS = YES;
				CLANG_WARN_EMPTY_BODY = YES;
				CLANG_WARN_ENUM_CONVERSION = YES;
				CLANG_WARN_INFINITE_RECURSION = YES;
				CLANG_WARN_INT_CONVERSION = YES;
				CLANG_WARN_NON_LITERAL_NULL_CONVERSION = YES;
				CLANG_WARN_OBJC_IMPLICIT_RETAIN_SELF = YES;
				CLANG_WARN_OBJC_LITERAL_CONVERSION = YES;
				CLANG_WARN_OBJC_ROOT_CLASS = YES_ERROR;
				CLANG_WARN_RANGE_LOOP_ANALYSIS = YES;
				CLANG_WARN_STRICT_PROTOTYPES = YES;
				CLANG_WARN_SUSPICIOUS_MOVE = YES;
				CLANG_WARN_UNGUARDED_AVAILABILITY = YES_AGGRESSIVE;
				CLANG_WARN_UNREACHABLE_CODE = YES;
				CLANG_WARN__DUPLICATE_METHOD_MATCH = YES;
				CODE_SIGN_IDENTITY = "iPhone Developer";
				COPY_PHASE_STRIP = NO;
				DEBUG_INFORMATION_FORMAT = dwarf;
				ENABLE_STRICT_OBJC_MSGSEND = YES;
				ENABLE_TESTABILITY = YES;
				GCC_C_LANGUAGE_STANDARD = gnu11;
				GCC_DYNAMIC_NO_PIC = NO;
				GCC_NO_COMMON_BLOCKS = YES;
				GCC_OPTIMIZATION_LEVEL = 0;
				GCC_PREPROCESSOR_DEFINITIONS = (
					"DEBUG=1",
					"$(inherited)",
				);
				GCC_WARN_64_TO_32_BIT_CONVERSION = YES;
				GCC_WARN_ABOUT_RETURN_TYPE = YES_ERROR;
				GCC_WARN_UNDECLARED_SELECTOR = YES;
				GCC_WARN_UNINITIALIZED_AUTOS = YES_AGGRESSIVE;
				GCC_WARN_UNUSED_FUNCTION = YES;
				GCC_WARN_UNUSED_VARIABLE = YES;
				IPHONEOS_DEPLOYMENT_TARGET = 12.1;
				MTL_ENABLE_DEBUG_INFO = INCLUDE_SOURCE;
				MTL_FAST_MATH = YES;
				ONLY_ACTIVE_ARCH = YES;
				SDKROOT = iphoneos;
				SWIFT_ACTIVE_COMPILATION_CONDITIONS = DEBUG;
				SWIFT_OPTIMIZATION_LEVEL = "-Onone";
			};
			name = Debug;
		};
		B7294129225B25D0004B5255 /* Release */ = {
			isa = XCBuildConfiguration;
			buildSettings = {
				ALWAYS_SEARCH_USER_PATHS = NO;
				CLANG_ANALYZER_NONNULL = YES;
				CLANG_ANALYZER_NUMBER_OBJECT_CONVERSION = YES_AGGRESSIVE;
				CLANG_CXX_LANGUAGE_STANDARD = "gnu++14";
				CLANG_CXX_LIBRARY = "libc++";
				CLANG_ENABLE_MODULES = YES;
				CLANG_ENABLE_OBJC_ARC = YES;
				CLANG_ENABLE_OBJC_WEAK = YES;
				CLANG_WARN_BLOCK_CAPTURE_AUTORELEASING = YES;
				CLANG_WARN_BOOL_CONVERSION = YES;
				CLANG_WARN_COMMA = YES;
				CLANG_WARN_CONSTANT_CONVERSION = YES;
				CLANG_WARN_DEPRECATED_OBJC_IMPLEMENTATIONS = YES;
				CLANG_WARN_DIRECT_OBJC_ISA_USAGE = YES_ERROR;
				CLANG_WARN_DOCUMENTATION_COMMENTS = YES;
				CLANG_WARN_EMPTY_BODY = YES;
				CLANG_WARN_ENUM_CONVERSION = YES;
				CLANG_WARN_INFINITE_RECURSION = YES;
				CLANG_WARN_INT_CONVERSION = YES;
				CLANG_WARN_NON_LITERAL_NULL_CONVERSION = YES;
				CLANG_WARN_OBJC_IMPLICIT_RETAIN_SELF = YES;
				CLANG_WARN_OBJC_LITERAL_CONVERSION = YES;
				CLANG_WARN_OBJC_ROOT_CLASS = YES_ERROR;
				CLANG_WARN_RANGE_LOOP_ANALYSIS = YES;
				CLANG_WARN_STRICT_PROTOTYPES = YES;
				CLANG_WARN_SUSPICIOUS_MOVE = YES;
				CLANG_WARN_UNGUARDED_AVAILABILITY = YES_AGGRESSIVE;
				CLANG_WARN_UNREACHABLE_CODE = YES;
				CLANG_WARN__DUPLICATE_METHOD_MATCH = YES;
				CODE_SIGN_IDENTITY = "iPhone Developer";
				COPY_PHASE_STRIP = NO;
				DEBUG_INFORMATION_FORMAT = "dwarf-with-dsym";
				ENABLE_NS_ASSERTIONS = NO;
				ENABLE_STRICT_OBJC_MSGSEND = YES;
				GCC_C_LANGUAGE_STANDARD = gnu11;
				GCC_NO_COMMON_BLOCKS = YES;
				GCC_WARN_64_TO_32_BIT_CONVERSION = YES;
				GCC_WARN_ABOUT_RETURN_TYPE = YES_ERROR;
				GCC_WARN_UNDECLARED_SELECTOR = YES;
				GCC_WARN_UNINITIALIZED_AUTOS = YES_AGGRESSIVE;
				GCC_WARN_UNUSED_FUNCTION = YES;
				GCC_WARN_UNUSED_VARIABLE = YES;
				IPHONEOS_DEPLOYMENT_TARGET = 12.1;
				MTL_ENABLE_DEBUG_INFO = NO;
				MTL_FAST_MATH = YES;
				SDKROOT = iphoneos;
				SWIFT_COMPILATION_MODE = wholemodule;
				SWIFT_OPTIMIZATION_LEVEL = "-O";
				VALIDATE_PRODUCT = YES;
			};
			name = Release;
		};
		B729412B225B25D0004B5255 /* Debug */ = {
			isa = XCBuildConfiguration;
			buildSettings = {
				ASSETCATALOG_COMPILER_APPICON_NAME = AppIcon;
				CODE_SIGN_IDENTITY = "iPhone Developer";
				CODE_SIGN_STYLE = Automatic;
				DEVELOPMENT_TEAM = GG7GL9WS77;
				FRAMEWORK_SEARCH_PATHS = (
					"$(inherited)",
					"$(PROJECT_DIR)",
				);
				INFOPLIST_FILE = EnexApp/Info.plist;
				LD_RUNPATH_SEARCH_PATHS = (
					"$(inherited)",
					"@executable_path/Frameworks",
					"@executable_path/",
				);
				LIBRARY_SEARCH_PATHS = "$(SRCROOT)/Frameworks/**";
				PRODUCT_BUNDLE_IDENTIFIER = com.inceptionxr.gane.example;
				PRODUCT_NAME = "$(TARGET_NAME)";
				PROVISIONING_PROFILE_SPECIFIER = "";
				SWIFT_VERSION = 4.2;
				TARGETED_DEVICE_FAMILY = "1,2";
			};
			name = Debug;
		};
		B729412C225B25D0004B5255 /* Release */ = {
			isa = XCBuildConfiguration;
			buildSettings = {
				ASSETCATALOG_COMPILER_APPICON_NAME = AppIcon;
				CODE_SIGN_IDENTITY = "iPhone Developer";
				CODE_SIGN_STYLE = Automatic;
				DEVELOPMENT_TEAM = GG7GL9WS77;
				FRAMEWORK_SEARCH_PATHS = (
					"$(inherited)",
					"$(PROJECT_DIR)",
				);
				INFOPLIST_FILE = EnexApp/Info.plist;
				LD_RUNPATH_SEARCH_PATHS = (
					"$(inherited)",
					"@executable_path/Frameworks",
					"@executable_path/",
				);
				LIBRARY_SEARCH_PATHS = "$(SRCROOT)/Frameworks/**";
				PRODUCT_BUNDLE_IDENTIFIER = com.inceptionxr.gane.example;
				PRODUCT_NAME = "$(TARGET_NAME)";
				PROVISIONING_PROFILE_SPECIFIER = "";
				SWIFT_VERSION = 4.2;
				TARGETED_DEVICE_FAMILY = "1,2";
			};
			name = Release;
		};
/* End XCBuildConfiguration section */

/* Begin XCConfigurationList section */
		B7294113225B25CF004B5255 /* Build configuration list for PBXProject "GaneExample" */ = {
			isa = XCConfigurationList;
			buildConfigurations = (
				B7294128225B25D0004B5255 /* Debug */,
				B7294129225B25D0004B5255 /* Release */,
			);
			defaultConfigurationIsVisible = 0;
			defaultConfigurationName = Release;
		};
		B729412A225B25D0004B5255 /* Build configuration list for PBXNativeTarget "GaneExample" */ = {
			isa = XCConfigurationList;
			buildConfigurations = (
				B729412B225B25D0004B5255 /* Debug */,
				B729412C225B25D0004B5255 /* Release */,
			);
			defaultConfigurationIsVisible = 0;
			defaultConfigurationName = Release;
		};
/* End XCConfigurationList section */
	};
	rootObject = B7294110225B25CF004B5255 /* Project object */;
}
